{
  "name": "react-smart-utils-mono-repo",
  "version": "1.0.0",
  "lockfileVersion": 3,
  "requires": true,
  "packages": {
    "": {
      "name": "react-smart-utils-mono-repo",
      "version": "1.0.0",
      "license": "MIT",
      "workspaces": [
        "package/*",
        "smart-app/*"
      ]
    }
  }
}
